
Microsoft Visual Studio Solution File, Format Version 12.00
# Visual Studio Version 17
VisualStudioVersion = 17.11.35222.181
MinimumVisualStudioVersion = 10.0.40219.1
Project("{FAE04EC0-301F-11D3-BF4B-00C04F79EFBC}") = "L5_4", "L5_4.csproj", "{4E72EBF6-32EC-4C78-8658-C972ECCC6614}"
EndProject
Global
	GlobalSection(SolutionConfigurationPlatforms) = preSolution
		Debug|Any CPU = Debug|Any CPU
		Release|Any CPU = Release|Any CPU
	EndGlobalSection
	GlobalSection(ProjectConfigurationPlatforms) = postSolution
		{4E72EBF6-32EC-4C78-8658-C972ECCC6614}.Debug|Any CPU.ActiveCfg = Debug|Any CPU
		{4E72EBF6-32EC-4C78-8658-C972ECCC6614}.Debug|Any CPU.Build.0 = Debug|Any CPU
		{4E72EBF6-32EC-4C78-8658-C972ECCC6614}.Release|Any CPU.ActiveCfg = Release|Any CPU
		{4E72EBF6-32EC-4C78-8658-C972ECCC6614}.Release|Any CPU.Build.0 = Release|Any CPU
	EndGlobalSection
	GlobalSection(SolutionProperties) = preSolution
		HideSolutionNode = FALSE
	EndGlobalSection
	GlobalSection(ExtensibilityGlobals) = postSolution
		SolutionGuid = {62B5C934-32EF-41A2-B5B2-810709191998}
	EndGlobalSection
EndGlobal
