
Microsoft Visual Studio Solution File, Format Version 12.00
# Visual Studio Version 17
VisualStudioVersion = 17.11.35222.181
MinimumVisualStudioVersion = 10.0.40219.1
Project("{FAE04EC0-301F-11D3-BF4B-00C04F79EFBC}") = "OP_L5_U5", "OP_L5_U5\OP_L5_U5.csproj", "{BB13A5A7-C8D6-478B-9708-20A7352F9286}"
EndProject
Global
	GlobalSection(SolutionConfigurationPlatforms) = preSolution
		Debug|Any CPU = Debug|Any CPU
		Release|Any CPU = Release|Any CPU
	EndGlobalSection
	GlobalSection(ProjectConfigurationPlatforms) = postSolution
		{BB13A5A7-C8D6-478B-9708-20A7352F9286}.Debug|Any CPU.ActiveCfg = Debug|Any CPU
		{BB13A5A7-C8D6-478B-9708-20A7352F9286}.Debug|Any CPU.Build.0 = Debug|Any CPU
		{BB13A5A7-C8D6-478B-9708-20A7352F9286}.Release|Any CPU.ActiveCfg = Release|Any CPU
		{BB13A5A7-C8D6-478B-9708-20A7352F9286}.Release|Any CPU.Build.0 = Release|Any CPU
	EndGlobalSection
	GlobalSection(SolutionProperties) = preSolution
		HideSolutionNode = FALSE
	EndGlobalSection
	GlobalSection(ExtensibilityGlobals) = postSolution
		SolutionGuid = {C1424E73-6EAE-4193-84CC-8931D1C486C5}
	EndGlobalSection
EndGlobal
