
Microsoft Visual Studio Solution File, Format Version 12.00
# Visual Studio Version 17
VisualStudioVersion = 17.11.35222.181
MinimumVisualStudioVersion = 10.0.40219.1
Project("{FAE04EC0-301F-11D3-BF4B-00C04F79EFBC}") = "Solo.Task.1_1", "Solo.Task.1_1\Solo.Task.1_1.csproj", "{FD7F9E57-26AC-4318-BDC3-B3BE1F03DDE6}"
EndProject
Project("{FAE04EC0-301F-11D3-BF4B-00C04F79EFBC}") = "Solo.Task.1_2", "Solo.Task.1_2\Solo.Task.1_2.csproj", "{BAA8CC03-3050-47CC-ABC9-715BEDEA974A}"
EndProject
Project("{FAE04EC0-301F-11D3-BF4B-00C04F79EFBC}") = "Solo.Task.1_3", "Solo.Task.1_3\Solo.Task.1_3.csproj", "{8F203ED4-DE05-47AD-970A-0B04A726FB0C}"
EndProject
Project("{FAE04EC0-301F-11D3-BF4B-00C04F79EFBC}") = "Solo.Task.1_4", "Solo.Task.1_4\Solo.Task.1_4.csproj", "{D81EB1E0-43CD-402C-9129-04132E09B630}"
EndProject
Project("{FAE04EC0-301F-11D3-BF4B-00C04F79EFBC}") = "Solo.Task.2_1", "Solo.Task.2_1\Solo.Task.2_1.csproj", "{E4583EC4-0B4C-496C-A3F0-8C124B352442}"
EndProject
Global
	GlobalSection(SolutionConfigurationPlatforms) = preSolution
		Debug|Any CPU = Debug|Any CPU
		Release|Any CPU = Release|Any CPU
	EndGlobalSection
	GlobalSection(ProjectConfigurationPlatforms) = postSolution
		{FD7F9E57-26AC-4318-BDC3-B3BE1F03DDE6}.Debug|Any CPU.ActiveCfg = Debug|Any CPU
		{FD7F9E57-26AC-4318-BDC3-B3BE1F03DDE6}.Debug|Any CPU.Build.0 = Debug|Any CPU
		{FD7F9E57-26AC-4318-BDC3-B3BE1F03DDE6}.Release|Any CPU.ActiveCfg = Release|Any CPU
		{FD7F9E57-26AC-4318-BDC3-B3BE1F03DDE6}.Release|Any CPU.Build.0 = Release|Any CPU
		{BAA8CC03-3050-47CC-ABC9-715BEDEA974A}.Debug|Any CPU.ActiveCfg = Debug|Any CPU
		{BAA8CC03-3050-47CC-ABC9-715BEDEA974A}.Debug|Any CPU.Build.0 = Debug|Any CPU
		{BAA8CC03-3050-47CC-ABC9-715BEDEA974A}.Release|Any CPU.ActiveCfg = Release|Any CPU
		{BAA8CC03-3050-47CC-ABC9-715BEDEA974A}.Release|Any CPU.Build.0 = Release|Any CPU
		{8F203ED4-DE05-47AD-970A-0B04A726FB0C}.Debug|Any CPU.ActiveCfg = Debug|Any CPU
		{8F203ED4-DE05-47AD-970A-0B04A726FB0C}.Debug|Any CPU.Build.0 = Debug|Any CPU
		{8F203ED4-DE05-47AD-970A-0B04A726FB0C}.Release|Any CPU.ActiveCfg = Release|Any CPU
		{8F203ED4-DE05-47AD-970A-0B04A726FB0C}.Release|Any CPU.Build.0 = Release|Any CPU
		{D81EB1E0-43CD-402C-9129-04132E09B630}.Debug|Any CPU.ActiveCfg = Debug|Any CPU
		{D81EB1E0-43CD-402C-9129-04132E09B630}.Debug|Any CPU.Build.0 = Debug|Any CPU
		{D81EB1E0-43CD-402C-9129-04132E09B630}.Release|Any CPU.ActiveCfg = Release|Any CPU
		{D81EB1E0-43CD-402C-9129-04132E09B630}.Release|Any CPU.Build.0 = Release|Any CPU
		{E4583EC4-0B4C-496C-A3F0-8C124B352442}.Debug|Any CPU.ActiveCfg = Debug|Any CPU
		{E4583EC4-0B4C-496C-A3F0-8C124B352442}.Debug|Any CPU.Build.0 = Debug|Any CPU
		{E4583EC4-0B4C-496C-A3F0-8C124B352442}.Release|Any CPU.ActiveCfg = Release|Any CPU
		{E4583EC4-0B4C-496C-A3F0-8C124B352442}.Release|Any CPU.Build.0 = Release|Any CPU
	EndGlobalSection
	GlobalSection(SolutionProperties) = preSolution
		HideSolutionNode = FALSE
	EndGlobalSection
	GlobalSection(ExtensibilityGlobals) = postSolution
		SolutionGuid = {26FDDDFC-BC3B-4AEC-8695-C398C18E29A6}
	EndGlobalSection
EndGlobal
